
Microsoft Visual Studio Solution File, Format Version 12.00
Project("{FAE04EC0-301F-11D3-BF4B-00C04F79EFBC}") = "RwandaShop", "RwandaShop\RwandaShop.csproj", "{99BDDC2B-4A6E-4B64-AC0E-42CC4E7AAF02}"
EndProject
Global
	GlobalSection(SolutionConfigurationPlatforms) = preSolution
		Debug|Any CPU = Debug|Any CPU
		Release|Any CPU = Release|Any CPU
	EndGlobalSection
	GlobalSection(ProjectConfigurationPlatforms) = postSolution
		{99BDDC2B-4A6E-4B64-AC0E-42CC4E7AAF02}.Debug|Any CPU.ActiveCfg = Debug|Any CPU
		{99BDDC2B-4A6E-4B64-AC0E-42CC4E7AAF02}.Debug|Any CPU.Build.0 = Debug|Any CPU
		{99BDDC2B-4A6E-4B64-AC0E-42CC4E7AAF02}.Release|Any CPU.ActiveCfg = Release|Any CPU
		{99BDDC2B-4A6E-4B64-AC0E-42CC4E7AAF02}.Release|Any CPU.Build.0 = Release|Any CPU
	EndGlobalSection
EndGlobal
